
Microsoft Visual Studio Solution File, Format Version 12.00
# Visual Studio Version 16
VisualStudioVersion = 16.0.29926.136
MinimumVisualStudioVersion = 10.0.40219.1
Project("{FAE04EC0-301F-11D3-BF4B-00C04F79EFBC}") = "SchoolDBUI", "SchoolDBUI\SchoolDBUI.csproj", "{2F7E3021-5C41-4706-BBE5-FE8F9E136813}"
EndProject
Project("{FAE04EC0-301F-11D3-BF4B-00C04F79EFBC}") = "SchoolDBAPI", "SchoolDBAPI\SchoolDBAPI.csproj", "{BF76EB89-9F5B-47D6-8A30-FBA6CC117D66}"
EndProject
Project("{FAE04EC0-301F-11D3-BF4B-00C04F79EFBC}") = "SchoolDBAPI.Library", "SchoolDBAPILibrary\SchoolDBAPI.Library.csproj", "{9A5C8462-C834-48A6-8938-AB8D63540D3C}"
EndProject
Global
	GlobalSection(SolutionConfigurationPlatforms) = preSolution
		Debug|Any CPU = Debug|Any CPU
		Release|Any CPU = Release|Any CPU
	EndGlobalSection
	GlobalSection(ProjectConfigurationPlatforms) = postSolution
		{2F7E3021-5C41-4706-BBE5-FE8F9E136813}.Debug|Any CPU.ActiveCfg = Debug|Any CPU
		{2F7E3021-5C41-4706-BBE5-FE8F9E136813}.Debug|Any CPU.Build.0 = Debug|Any CPU
		{2F7E3021-5C41-4706-BBE5-FE8F9E136813}.Release|Any CPU.ActiveCfg = Release|Any CPU
		{2F7E3021-5C41-4706-BBE5-FE8F9E136813}.Release|Any CPU.Build.0 = Release|Any CPU
		{BF76EB89-9F5B-47D6-8A30-FBA6CC117D66}.Debug|Any CPU.ActiveCfg = Debug|Any CPU
		{BF76EB89-9F5B-47D6-8A30-FBA6CC117D66}.Debug|Any CPU.Build.0 = Debug|Any CPU
		{BF76EB89-9F5B-47D6-8A30-FBA6CC117D66}.Release|Any CPU.ActiveCfg = Release|Any CPU
		{BF76EB89-9F5B-47D6-8A30-FBA6CC117D66}.Release|Any CPU.Build.0 = Release|Any CPU
		{9A5C8462-C834-48A6-8938-AB8D63540D3C}.Debug|Any CPU.ActiveCfg = Debug|Any CPU
		{9A5C8462-C834-48A6-8938-AB8D63540D3C}.Debug|Any CPU.Build.0 = Debug|Any CPU
		{9A5C8462-C834-48A6-8938-AB8D63540D3C}.Release|Any CPU.ActiveCfg = Release|Any CPU
		{9A5C8462-C834-48A6-8938-AB8D63540D3C}.Release|Any CPU.Build.0 = Release|Any CPU
	EndGlobalSection
	GlobalSection(SolutionProperties) = preSolution
		HideSolutionNode = FALSE
	EndGlobalSection
	GlobalSection(ExtensibilityGlobals) = postSolution
		SolutionGuid = {610C4DDB-A772-41AF-AE02-2F06349766CC}
	EndGlobalSection
EndGlobal
